
Microsoft Visual Studio Solution File, Format Version 12.00
# Visual Studio Version 16
VisualStudioVersion = 16.0.29806.167
MinimumVisualStudioVersion = 10.0.40219.1
Project("{FAE04EC0-301F-11D3-BF4B-00C04F79EFBC}") = "01 Messaging", "01 Messaging\01 Messaging.csproj", "{9B3A8379-CCDA-4E81-9AB6-BFD03FE1EC4B}"
EndProject
Project("{FAE04EC0-301F-11D3-BF4B-00C04F79EFBC}") = "02 CarRace", "02 CarRace\02 CarRace.csproj", "{3BE466AF-2CFC-4497-BCA9-14091267B45B}"
EndProject
Project("{FAE04EC0-301F-11D3-BF4B-00C04F79EFBC}") = "03 TakeSkipRope", "03 TakeSkipRope\03 TakeSkipRope.csproj", "{5C956520-8427-47E5-B1C4-CAF70F03ADB7}"
EndProject
Project("{FAE04EC0-301F-11D3-BF4B-00C04F79EFBC}") = "04 MixedUpLists", "04 MixedUpLists\04 MixedUpLists.csproj", "{B4132A4F-E633-4458-8BA6-F858A208B0BE}"
EndProject
Project("{FAE04EC0-301F-11D3-BF4B-00C04F79EFBC}") = "05 Drums", "05 Drums\05 Drums.csproj", "{21E44339-5D34-42A3-8C0A-89E17E3E6FE3}"
EndProject
Global
	GlobalSection(SolutionConfigurationPlatforms) = preSolution
		Debug|Any CPU = Debug|Any CPU
		Release|Any CPU = Release|Any CPU
	EndGlobalSection
	GlobalSection(ProjectConfigurationPlatforms) = postSolution
		{9B3A8379-CCDA-4E81-9AB6-BFD03FE1EC4B}.Debug|Any CPU.ActiveCfg = Debug|Any CPU
		{9B3A8379-CCDA-4E81-9AB6-BFD03FE1EC4B}.Debug|Any CPU.Build.0 = Debug|Any CPU
		{9B3A8379-CCDA-4E81-9AB6-BFD03FE1EC4B}.Release|Any CPU.ActiveCfg = Release|Any CPU
		{9B3A8379-CCDA-4E81-9AB6-BFD03FE1EC4B}.Release|Any CPU.Build.0 = Release|Any CPU
		{3BE466AF-2CFC-4497-BCA9-14091267B45B}.Debug|Any CPU.ActiveCfg = Debug|Any CPU
		{3BE466AF-2CFC-4497-BCA9-14091267B45B}.Debug|Any CPU.Build.0 = Debug|Any CPU
		{3BE466AF-2CFC-4497-BCA9-14091267B45B}.Release|Any CPU.ActiveCfg = Release|Any CPU
		{3BE466AF-2CFC-4497-BCA9-14091267B45B}.Release|Any CPU.Build.0 = Release|Any CPU
		{5C956520-8427-47E5-B1C4-CAF70F03ADB7}.Debug|Any CPU.ActiveCfg = Debug|Any CPU
		{5C956520-8427-47E5-B1C4-CAF70F03ADB7}.Debug|Any CPU.Build.0 = Debug|Any CPU
		{5C956520-8427-47E5-B1C4-CAF70F03ADB7}.Release|Any CPU.ActiveCfg = Release|Any CPU
		{5C956520-8427-47E5-B1C4-CAF70F03ADB7}.Release|Any CPU.Build.0 = Release|Any CPU
		{B4132A4F-E633-4458-8BA6-F858A208B0BE}.Debug|Any CPU.ActiveCfg = Debug|Any CPU
		{B4132A4F-E633-4458-8BA6-F858A208B0BE}.Debug|Any CPU.Build.0 = Debug|Any CPU
		{B4132A4F-E633-4458-8BA6-F858A208B0BE}.Release|Any CPU.ActiveCfg = Release|Any CPU
		{B4132A4F-E633-4458-8BA6-F858A208B0BE}.Release|Any CPU.Build.0 = Release|Any CPU
		{21E44339-5D34-42A3-8C0A-89E17E3E6FE3}.Debug|Any CPU.ActiveCfg = Debug|Any CPU
		{21E44339-5D34-42A3-8C0A-89E17E3E6FE3}.Debug|Any CPU.Build.0 = Debug|Any CPU
		{21E44339-5D34-42A3-8C0A-89E17E3E6FE3}.Release|Any CPU.ActiveCfg = Release|Any CPU
		{21E44339-5D34-42A3-8C0A-89E17E3E6FE3}.Release|Any CPU.Build.0 = Release|Any CPU
	EndGlobalSection
	GlobalSection(SolutionProperties) = preSolution
		HideSolutionNode = FALSE
	EndGlobalSection
	GlobalSection(ExtensibilityGlobals) = postSolution
		SolutionGuid = {7B29050C-0F1D-4FB0-A90F-52B872A1C655}
	EndGlobalSection
EndGlobal
