
Microsoft Visual Studio Solution File, Format Version 12.00
# Visual Studio Version 16
VisualStudioVersion = 16.0.29806.167
MinimumVisualStudioVersion = 10.0.40219.1
Project("{FAE04EC0-301F-11D3-BF4B-00C04F79EFBC}") = "01 CountNumbers", "01 CountNumbers\01 CountNumbers.csproj", "{636724CC-8367-4621-AB1D-5B87EE9485B5}"
EndProject
Project("{FAE04EC0-301F-11D3-BF4B-00C04F79EFBC}") = "02 OddOccurances", "02 OddOccurances\02 OddOccurances.csproj", "{03ACD39D-EA83-4D55-9321-26528CEC66A7}"
EndProject
Project("{FAE04EC0-301F-11D3-BF4B-00C04F79EFBC}") = "03 WordSynonyms", "03 WordSynonyms\03 WordSynonyms.csproj", "{C8E7A1B0-98E2-440D-909F-2352C70BFD97}"
EndProject
Project("{FAE04EC0-301F-11D3-BF4B-00C04F79EFBC}") = "04 Largest3Numbers", "04 Largest3Numbers\04 Largest3Numbers.csproj", "{9CC5FD74-E580-442F-8E35-D1BF7C447EAC}"
EndProject
Project("{FAE04EC0-301F-11D3-BF4B-00C04F79EFBC}") = "05 WordFilter", "05 WordFilter\05 WordFilter.csproj", "{D97B19D6-277E-40DA-B297-001C8EF7B03F}"
EndProject
Global
	GlobalSection(SolutionConfigurationPlatforms) = preSolution
		Debug|Any CPU = Debug|Any CPU
		Release|Any CPU = Release|Any CPU
	EndGlobalSection
	GlobalSection(ProjectConfigurationPlatforms) = postSolution
		{636724CC-8367-4621-AB1D-5B87EE9485B5}.Debug|Any CPU.ActiveCfg = Debug|Any CPU
		{636724CC-8367-4621-AB1D-5B87EE9485B5}.Debug|Any CPU.Build.0 = Debug|Any CPU
		{636724CC-8367-4621-AB1D-5B87EE9485B5}.Release|Any CPU.ActiveCfg = Release|Any CPU
		{636724CC-8367-4621-AB1D-5B87EE9485B5}.Release|Any CPU.Build.0 = Release|Any CPU
		{03ACD39D-EA83-4D55-9321-26528CEC66A7}.Debug|Any CPU.ActiveCfg = Debug|Any CPU
		{03ACD39D-EA83-4D55-9321-26528CEC66A7}.Debug|Any CPU.Build.0 = Debug|Any CPU
		{03ACD39D-EA83-4D55-9321-26528CEC66A7}.Release|Any CPU.ActiveCfg = Release|Any CPU
		{03ACD39D-EA83-4D55-9321-26528CEC66A7}.Release|Any CPU.Build.0 = Release|Any CPU
		{C8E7A1B0-98E2-440D-909F-2352C70BFD97}.Debug|Any CPU.ActiveCfg = Debug|Any CPU
		{C8E7A1B0-98E2-440D-909F-2352C70BFD97}.Debug|Any CPU.Build.0 = Debug|Any CPU
		{C8E7A1B0-98E2-440D-909F-2352C70BFD97}.Release|Any CPU.ActiveCfg = Release|Any CPU
		{C8E7A1B0-98E2-440D-909F-2352C70BFD97}.Release|Any CPU.Build.0 = Release|Any CPU
		{9CC5FD74-E580-442F-8E35-D1BF7C447EAC}.Debug|Any CPU.ActiveCfg = Debug|Any CPU
		{9CC5FD74-E580-442F-8E35-D1BF7C447EAC}.Debug|Any CPU.Build.0 = Debug|Any CPU
		{9CC5FD74-E580-442F-8E35-D1BF7C447EAC}.Release|Any CPU.ActiveCfg = Release|Any CPU
		{9CC5FD74-E580-442F-8E35-D1BF7C447EAC}.Release|Any CPU.Build.0 = Release|Any CPU
		{D97B19D6-277E-40DA-B297-001C8EF7B03F}.Debug|Any CPU.ActiveCfg = Debug|Any CPU
		{D97B19D6-277E-40DA-B297-001C8EF7B03F}.Debug|Any CPU.Build.0 = Debug|Any CPU
		{D97B19D6-277E-40DA-B297-001C8EF7B03F}.Release|Any CPU.ActiveCfg = Release|Any CPU
		{D97B19D6-277E-40DA-B297-001C8EF7B03F}.Release|Any CPU.Build.0 = Release|Any CPU
	EndGlobalSection
	GlobalSection(SolutionProperties) = preSolution
		HideSolutionNode = FALSE
	EndGlobalSection
	GlobalSection(ExtensibilityGlobals) = postSolution
		SolutionGuid = {25E21AF0-0A4D-42F1-AFC1-75BD828962D5}
	EndGlobalSection
EndGlobal
