
Microsoft Visual Studio Solution File, Format Version 12.00
# Visual Studio Version 16
VisualStudioVersion = 16.0.29806.167
MinimumVisualStudioVersion = 10.0.40219.1
Project("{FAE04EC0-301F-11D3-BF4B-00C04F79EFBC}") = "01 WinningTicket", "01 WinningTicket\01 WinningTicket.csproj", "{42715ABA-A0A1-4BC8-BF25-DE4290364CA7}"
EndProject
Project("{FAE04EC0-301F-11D3-BF4B-00C04F79EFBC}") = "02 Rage Quit", "02 Rage Quit\02 Rage Quit.csproj", "{7B709609-964B-4C13-92AB-227DA7083C6F}"
EndProject
Project("{FAE04EC0-301F-11D3-BF4B-00C04F79EFBC}") = "02 RageQuitTrial", "02 RageQuitTrial\02 RageQuitTrial.csproj", "{A423EE00-704A-4D85-8033-7D962EB78A14}"
EndProject
Project("{FAE04EC0-301F-11D3-BF4B-00C04F79EFBC}") = "03 PostOffice", "03 PostOffice\03 PostOffice.csproj", "{3BFF9203-5C90-4341-960B-3A044BDE88B4}"
EndProject
Project("{FAE04EC0-301F-11D3-BF4B-00C04F79EFBC}") = "04 Santa'sSecretHelper", "04 Santa'sSecretHelper\04 Santa'sSecretHelper.csproj", "{A85A7799-90D5-4952-A52B-50BC6D81B53F}"
EndProject
Global
	GlobalSection(SolutionConfigurationPlatforms) = preSolution
		Debug|Any CPU = Debug|Any CPU
		Release|Any CPU = Release|Any CPU
	EndGlobalSection
	GlobalSection(ProjectConfigurationPlatforms) = postSolution
		{42715ABA-A0A1-4BC8-BF25-DE4290364CA7}.Debug|Any CPU.ActiveCfg = Debug|Any CPU
		{42715ABA-A0A1-4BC8-BF25-DE4290364CA7}.Debug|Any CPU.Build.0 = Debug|Any CPU
		{42715ABA-A0A1-4BC8-BF25-DE4290364CA7}.Release|Any CPU.ActiveCfg = Release|Any CPU
		{42715ABA-A0A1-4BC8-BF25-DE4290364CA7}.Release|Any CPU.Build.0 = Release|Any CPU
		{7B709609-964B-4C13-92AB-227DA7083C6F}.Debug|Any CPU.ActiveCfg = Debug|Any CPU
		{7B709609-964B-4C13-92AB-227DA7083C6F}.Debug|Any CPU.Build.0 = Debug|Any CPU
		{7B709609-964B-4C13-92AB-227DA7083C6F}.Release|Any CPU.ActiveCfg = Release|Any CPU
		{7B709609-964B-4C13-92AB-227DA7083C6F}.Release|Any CPU.Build.0 = Release|Any CPU
		{A423EE00-704A-4D85-8033-7D962EB78A14}.Debug|Any CPU.ActiveCfg = Debug|Any CPU
		{A423EE00-704A-4D85-8033-7D962EB78A14}.Debug|Any CPU.Build.0 = Debug|Any CPU
		{A423EE00-704A-4D85-8033-7D962EB78A14}.Release|Any CPU.ActiveCfg = Release|Any CPU
		{A423EE00-704A-4D85-8033-7D962EB78A14}.Release|Any CPU.Build.0 = Release|Any CPU
		{3BFF9203-5C90-4341-960B-3A044BDE88B4}.Debug|Any CPU.ActiveCfg = Debug|Any CPU
		{3BFF9203-5C90-4341-960B-3A044BDE88B4}.Debug|Any CPU.Build.0 = Debug|Any CPU
		{3BFF9203-5C90-4341-960B-3A044BDE88B4}.Release|Any CPU.ActiveCfg = Release|Any CPU
		{3BFF9203-5C90-4341-960B-3A044BDE88B4}.Release|Any CPU.Build.0 = Release|Any CPU
		{A85A7799-90D5-4952-A52B-50BC6D81B53F}.Debug|Any CPU.ActiveCfg = Debug|Any CPU
		{A85A7799-90D5-4952-A52B-50BC6D81B53F}.Debug|Any CPU.Build.0 = Debug|Any CPU
		{A85A7799-90D5-4952-A52B-50BC6D81B53F}.Release|Any CPU.ActiveCfg = Release|Any CPU
		{A85A7799-90D5-4952-A52B-50BC6D81B53F}.Release|Any CPU.Build.0 = Release|Any CPU
	EndGlobalSection
	GlobalSection(SolutionProperties) = preSolution
		HideSolutionNode = FALSE
	EndGlobalSection
	GlobalSection(ExtensibilityGlobals) = postSolution
		SolutionGuid = {0580B7A5-C6F8-4F0E-8416-CF1DBB13DA69}
	EndGlobalSection
EndGlobal
